
Microsoft Visual Studio Solution File, Format Version 12.00
# Visual Studio Version 16
VisualStudioVersion = 16.0.810.14
MinimumVisualStudioVersion = 10.0.40219.1
Project("{FAE04EC0-301F-11D3-BF4B-00C04F79EFBC}") = "Helloworld", "Helloworld\Helloworld.csproj", "{11BDA552-E153-4D89-95D9-A6A437547BBE}"
EndProject
Global
	GlobalSection(SolutionConfigurationPlatforms) = preSolution
		Debug|Any CPU = Debug|Any CPU
		Release|Any CPU = Release|Any CPU
	EndGlobalSection
	GlobalSection(ProjectConfigurationPlatforms) = postSolution
		{11BDA552-E153-4D89-95D9-A6A437547BBE}.Debug|Any CPU.ActiveCfg = Debug|Any CPU
		{11BDA552-E153-4D89-95D9-A6A437547BBE}.Debug|Any CPU.Build.0 = Debug|Any CPU
		{11BDA552-E153-4D89-95D9-A6A437547BBE}.Release|Any CPU.ActiveCfg = Release|Any CPU
		{11BDA552-E153-4D89-95D9-A6A437547BBE}.Release|Any CPU.Build.0 = Release|Any CPU
	EndGlobalSection
	GlobalSection(SolutionProperties) = preSolution
		HideSolutionNode = FALSE
	EndGlobalSection
	GlobalSection(ExtensibilityGlobals) = postSolution
		SolutionGuid = {303C08CE-F99E-4718-BB20-5F50A593B127}
	EndGlobalSection
EndGlobal
